
Microsoft Visual Studio Solution File, Format Version 12.00
# Visual Studio Version 16
VisualStudioVersion = 16.0.31019.35
MinimumVisualStudioVersion = 10.0.40219.1
Project("{FAE04EC0-301F-11D3-BF4B-00C04F79EFBC}") = "Programa13dos", "Programa13dos\Programa13dos.csproj", "{6AC1C2D3-7054-4012-84B8-79BFEB4143E4}"
EndProject
Global
	GlobalSection(SolutionConfigurationPlatforms) = preSolution
		Debug|Any CPU = Debug|Any CPU
		Release|Any CPU = Release|Any CPU
	EndGlobalSection
	GlobalSection(ProjectConfigurationPlatforms) = postSolution
		{6AC1C2D3-7054-4012-84B8-79BFEB4143E4}.Debug|Any CPU.ActiveCfg = Debug|Any CPU
		{6AC1C2D3-7054-4012-84B8-79BFEB4143E4}.Debug|Any CPU.Build.0 = Debug|Any CPU
		{6AC1C2D3-7054-4012-84B8-79BFEB4143E4}.Release|Any CPU.ActiveCfg = Release|Any CPU
		{6AC1C2D3-7054-4012-84B8-79BFEB4143E4}.Release|Any CPU.Build.0 = Release|Any CPU
	EndGlobalSection
	GlobalSection(SolutionProperties) = preSolution
		HideSolutionNode = FALSE
	EndGlobalSection
	GlobalSection(ExtensibilityGlobals) = postSolution
		SolutionGuid = {EB0E89E2-F66F-48F4-82CA-7D9AD55572EB}
	EndGlobalSection
EndGlobal
