
Microsoft Visual Studio Solution File, Format Version 12.00
# Visual Studio Version 16
VisualStudioVersion = 16.0.31005.135
MinimumVisualStudioVersion = 10.0.40219.1
Project("{FAE04EC0-301F-11D3-BF4B-00C04F79EFBC}") = "Progama2", "Progama2\Progama2.csproj", "{6D5C5F92-47B9-481E-A2D7-F55B68719AA4}"
EndProject
Global
	GlobalSection(SolutionConfigurationPlatforms) = preSolution
		Debug|Any CPU = Debug|Any CPU
		Release|Any CPU = Release|Any CPU
	EndGlobalSection
	GlobalSection(ProjectConfigurationPlatforms) = postSolution
		{6D5C5F92-47B9-481E-A2D7-F55B68719AA4}.Debug|Any CPU.ActiveCfg = Debug|Any CPU
		{6D5C5F92-47B9-481E-A2D7-F55B68719AA4}.Debug|Any CPU.Build.0 = Debug|Any CPU
		{6D5C5F92-47B9-481E-A2D7-F55B68719AA4}.Release|Any CPU.ActiveCfg = Release|Any CPU
		{6D5C5F92-47B9-481E-A2D7-F55B68719AA4}.Release|Any CPU.Build.0 = Release|Any CPU
	EndGlobalSection
	GlobalSection(SolutionProperties) = preSolution
		HideSolutionNode = FALSE
	EndGlobalSection
	GlobalSection(ExtensibilityGlobals) = postSolution
		SolutionGuid = {65F2AF9D-8751-4EC2-9492-599C61A77236}
	EndGlobalSection
EndGlobal
